
Microsoft Visual Studio Solution File, Format Version 12.00
# Visual Studio Version 17
VisualStudioVersion = 17.13.35931.197 d17.13
MinimumVisualStudioVersion = 10.0.40219.1
Project("{FAE04EC0-301F-11D3-BF4B-00C04F79EFBC}") = "TextRPG_1", "TextRPG_1\TextRPG_1.csproj", "{4BD31C71-0BD9-49B7-A196-512513DB03AB}"
EndProject
Global
	GlobalSection(SolutionConfigurationPlatforms) = preSolution
		Debug|Any CPU = Debug|Any CPU
		Release|Any CPU = Release|Any CPU
	EndGlobalSection
	GlobalSection(ProjectConfigurationPlatforms) = postSolution
		{4BD31C71-0BD9-49B7-A196-512513DB03AB}.Debug|Any CPU.ActiveCfg = Debug|Any CPU
		{4BD31C71-0BD9-49B7-A196-512513DB03AB}.Debug|Any CPU.Build.0 = Debug|Any CPU
		{4BD31C71-0BD9-49B7-A196-512513DB03AB}.Release|Any CPU.ActiveCfg = Release|Any CPU
		{4BD31C71-0BD9-49B7-A196-512513DB03AB}.Release|Any CPU.Build.0 = Release|Any CPU
	EndGlobalSection
	GlobalSection(SolutionProperties) = preSolution
		HideSolutionNode = FALSE
	EndGlobalSection
	GlobalSection(ExtensibilityGlobals) = postSolution
		SolutionGuid = {738A2882-233E-4A79-B7A2-BC4C457A95B1}
	EndGlobalSection
EndGlobal
